// !$*UTF8*$!
{
	archiveVersion = 1;
	classes = {
	};
	objectVersion = 46;
	objects = {

/* Begin PBXBuildFile section */
		DD5E8FC81E28AD1900930C02 /* main.m in Sources */ = {isa = PBXBuildFile; fileRef = DD5E8FC71E28AD1900930C02 /* main.m */; };
		DD5E8FD31E28AEE100930C02 /* RPSTurn.m in Sources */ = {isa = PBXBuildFile; fileRef = DD5E8FD21E28AEE100930C02 /* RPSTurn.m */; };
		DD5E8FD61E28AFBC00930C02 /* RPSGame.m in Sources */ = {isa = PBXBuildFile; fileRef = DD5E8FD51E28AFBC00930C02 /* RPSGame.m */; };
		DD5E8FD91E28B19600930C02 /* RPSController.m in Sources */ = {isa = PBXBuildFile; fileRef = DD5E8FD81E28B19600930C02 /* RPSController.m */; };
/* End PBXBuildFile section */

/* Begin PBXCopyFilesBuildPhase section */
		DD5E8FC21E28AD1900930C02 /* CopyFiles */ = {
			isa = PBXCopyFilesBuildPhase;
			buildActionMask = 2147483647;
			dstPath = /usr/share/man/man1/;
			dstSubfolderSpec = 0;
			files = (
			);
			runOnlyForDeploymentPostprocessing = 1;
		};
/* End PBXCopyFilesBuildPhase section */

/* Begin PBXFileReference section */
		DD5E8FC41E28AD1900930C02 /* RockPaperScissors */ = {isa = PBXFileReference; explicitFileType = "compiled.mach-o.executable"; includeInIndex = 0; path = RockPaperScissors; sourceTree = BUILT_PRODUCTS_DIR; };
		DD5E8FC71E28AD1900930C02 /* main.m */ = {isa = PBXFileReference; lastKnownFileType = sourcecode.c.objc; path = main.m; sourceTree = "<group>"; };
		DD5E8FD11E28AEE100930C02 /* RPSTurn.h */ = {isa = PBXFileReference; fileEncoding = 4; lastKnownFileType = sourcecode.c.h; path = RPSTurn.h; sourceTree = "<group>"; };
		DD5E8FD21E28AEE100930C02 /* RPSTurn.m */ = {isa = PBXFileReference; fileEncoding = 4; lastKnownFileType = sourcecode.c.objc; path = RPSTurn.m; sourceTree = "<group>"; };
		DD5E8FD41E28AFBC00930C02 /* RPSGame.h */ = {isa = PBXFileReference; fileEncoding = 4; lastKnownFileType = sourcecode.c.h; path = RPSGame.h; sourceTree = "<group>"; };
		DD5E8FD51E28AFBC00930C02 /* RPSGame.m */ = {isa = PBXFileReference; fileEncoding = 4; lastKnownFileType = sourcecode.c.objc; path = RPSGame.m; sourceTree = "<group>"; };
		DD5E8FD71E28B19600930C02 /* RPSController.h */ = {isa = PBXFileReference; fileEncoding = 4; lastKnownFileType = sourcecode.c.h; path = RPSController.h; sourceTree = "<group>"; };
		DD5E8FD81E28B19600930C02 /* RPSController.m */ = {isa = PBXFileReference; fileEncoding = 4; lastKnownFileType = sourcecode.c.objc; path = RPSController.m; sourceTree = "<group>"; };
/* End PBXFileReference section */

/* Begin PBXFrameworksBuildPhase section */
		DD5E8FC11E28AD1900930C02 /* Frameworks */ = {
			isa = PBXFrameworksBuildPhase;
			buildActionMask = 2147483647;
			files = (
			);
			runOnlyForDeploymentPostprocessing = 0;
		};
/* End PBXFrameworksBuildPhase section */

/* Begin PBXGroup section */
		DD5E8FBB1E28AD1900930C02 = {
			isa = PBXGroup;
			children = (
				DD5E8FC61E28AD1900930C02 /* RockPaperScissors */,
				DD5E8FC51E28AD1900930C02 /* Products */,
			);
			sourceTree = "<group>";
		};
		DD5E8FC51E28AD1900930C02 /* Products */ = {
			isa = PBXGroup;
			children = (
				DD5E8FC41E28AD1900930C02 /* RockPaperScissors */,
			);
			name = Products;
			sourceTree = "<group>";
		};
		DD5E8FC61E28AD1900930C02 /* RockPaperScissors */ = {
			isa = PBXGroup;
			children = (
				DD5E8FC71E28AD1900930C02 /* main.m */,
				DD5E8FD11E28AEE100930C02 /* RPSTurn.h */,
				DD5E8FD21E28AEE100930C02 /* RPSTurn.m */,
				DD5E8FD41E28AFBC00930C02 /* RPSGame.h */,
				DD5E8FD51E28AFBC00930C02 /* RPSGame.m */,
				DD5E8FD71E28B19600930C02 /* RPSController.h */,
				DD5E8FD81E28B19600930C02 /* RPSController.m */,
			);
			path = RockPaperScissors;
			sourceTree = "<group>";
		};
/* End PBXGroup section */

/* Begin PBXNativeTarget section */
		DD5E8FC31E28AD1900930C02 /* RockPaperScissors */ = {
			isa = PBXNativeTarget;
			buildConfigurationList = DD5E8FCB1E28AD1900930C02 /* Build configuration list for PBXNativeTarget "RockPaperScissors" */;
			buildPhases = (
				DD5E8FC01E28AD1900930C02 /* Sources */,
				DD5E8FC11E28AD1900930C02 /* Frameworks */,
				DD5E8FC21E28AD1900930C02 /* CopyFiles */,
			);
			buildRules = (
			);
			dependencies = (
			);
			name = RockPaperScissors;
			productName = RockPaperScissors;
			productReference = DD5E8FC41E28AD1900930C02 /* RockPaperScissors */;
			productType = "com.apple.product-type.tool";
		};
/* End PBXNativeTarget section */

/* Begin PBXProject section */
		DD5E8FBC1E28AD1900930C02 /* Project object */ = {
			isa = PBXProject;
			attributes = {
				LastUpgradeCheck = 0820;
				ORGANIZATIONNAME = "Ramiro H. Lopez";
				TargetAttributes = {
					DD5E8FC31E28AD1900930C02 = {
						CreatedOnToolsVersion = 8.2.1;
						DevelopmentTeam = 7C7E58NWQY;
						ProvisioningStyle = Automatic;
					};
				};
			};
			buildConfigurationList = DD5E8FBF1E28AD1900930C02 /* Build configuration list for PBXProject "RockPaperScissors" */;
			compatibilityVersion = "Xcode 3.2";
			developmentRegion = English;
			hasScannedForEncodings = 0;
			knownRegions = (
				en,
			);
			mainGroup = DD5E8FBB1E28AD1900930C02;
			productRefGroup = DD5E8FC51E28AD1900930C02 /* Products */;
			projectDirPath = "";
			projectRoot = "";
			targets = (
				DD5E8FC31E28AD1900930C02 /* RockPaperScissors */,
			);
		};
/* End PBXProject section */

/* Begin PBXSourcesBuildPhase section */
		DD5E8FC01E28AD1900930C02 /* Sources */ = {
			isa = PBXSourcesBuildPhase;
			buildActionMask = 2147483647;
			files = (
				DD5E8FD31E28AEE100930C02 /* RPSTurn.m in Sources */,
				DD5E8FC81E28AD1900930C02 /* main.m in Sources */,
				DD5E8FD61E28AFBC00930C02 /* RPSGame.m in Sources */,
				DD5E8FD91E28B19600930C02 /* RPSController.m in Sources */,
			);
			runOnlyForDeploymentPostprocessing = 0;
		};
/* End PBXSourcesBuildPhase section */

/* Begin XCBuildConfiguration section */
		DD5E8FC91E28AD1900930C02 /* Debug */ = {
			isa = XCBuildConfiguration;
			buildSettings = {
				ALWAYS_SEARCH_USER_PATHS = NO;
				CLANG_ANALYZER_NONNULL = YES;
				CLANG_CXX_LANGUAGE_STANDARD = "gnu++0x";
				CLANG_CXX_LIBRARY = "libc++";
				CLANG_ENABLE_MODULES = YES;
				CLANG_ENABLE_OBJC_ARC = YES;
				CLANG_WARN_BOOL_CONVERSION = YES;
				CLANG_WARN_CONSTANT_CONVERSION = YES;
				CLANG_WARN_DIRECT_OBJC_ISA_USAGE = YES_ERROR;
				CLANG_WARN_DOCUMENTATION_COMMENTS = YES;
				CLANG_WARN_EMPTY_BODY = YES;
				CLANG_WARN_ENUM_CONVERSION = YES;
				CLANG_WARN_INFINITE_RECURSION = YES;
				CLANG_WARN_INT_CONVERSION = YES;
				CLANG_WARN_OBJC_ROOT_CLASS = YES_ERROR;
				CLANG_WARN_SUSPICIOUS_MOVE = YES;
				CLANG_WARN_UNREACHABLE_CODE = YES;
				CLANG_WARN__DUPLICATE_METHOD_MATCH = YES;
				CODE_SIGN_IDENTITY = "-";
				COPY_PHASE_STRIP = NO;
				DEBUG_INFORMATION_FORMAT = dwarf;
				ENABLE_STRICT_OBJC_MSGSEND = YES;
				ENABLE_TESTABILITY = YES;
				GCC_C_LANGUAGE_STANDARD = gnu99;
				GCC_DYNAMIC_NO_PIC = NO;
				GCC_NO_COMMON_BLOCKS = YES;
				GCC_OPTIMIZATION_LEVEL = 0;
				GCC_PREPROCESSOR_DEFINITIONS = (
					"DEBUG=1",
					"$(inherited)",
				);
				GCC_WARN_64_TO_32_BIT_CONVERSION = YES;
				GCC_WARN_ABOUT_RETURN_TYPE = YES_ERROR;
				GCC_WARN_UNDECLARED_SELECTOR = YES;
				GCC_WARN_UNINITIALIZED_AUTOS = YES_AGGRESSIVE;
				GCC_WARN_UNUSED_FUNCTION = YES;
				GCC_WARN_UNUSED_VARIABLE = YES;
				MACOSX_DEPLOYMENT_TARGET = 10.12;
				MTL_ENABLE_DEBUG_INFO = YES;
				ONLY_ACTIVE_ARCH = YES;
				SDKROOT = macosx;
			};
			name = Debug;
		};
		DD5E8FCA1E28AD1900930C02 /* Release */ = {
			isa = XCBuildConfiguration;
			buildSettings = {
				ALWAYS_SEARCH_USER_PATHS = NO;
				CLANG_ANALYZER_NONNULL = YES;
				CLANG_CXX_LANGUAGE_STANDARD = "gnu++0x";
				CLANG_CXX_LIBRARY = "libc++";
				CLANG_ENABLE_MODULES = YES;
				CLANG_ENABLE_OBJC_ARC = YES;
				CLANG_WARN_BOOL_CONVERSION = YES;
				CLANG_WARN_CONSTANT_CONVERSION = YES;
				CLANG_WARN_DIRECT_OBJC_ISA_USAGE = YES_ERROR;
				CLANG_WARN_DOCUMENTATION_COMMENTS = YES;
				CLANG_WARN_EMPTY_BODY = YES;
				CLANG_WARN_ENUM_CONVERSION = YES;
				CLANG_WARN_INFINITE_RECURSION = YES;
				CLANG_WARN_INT_CONVERSION = YES;
				CLANG_WARN_OBJC_ROOT_CLASS = YES_ERROR;
				CLANG_WARN_SUSPICIOUS_MOVE = YES;
				CLANG_WARN_UNREACHABLE_CODE = YES;
				CLANG_WARN__DUPLICATE_METHOD_MATCH = YES;
				CODE_SIGN_IDENTITY = "-";
				COPY_PHASE_STRIP = NO;
				DEBUG_INFORMATION_FORMAT = "dwarf-with-dsym";
				ENABLE_NS_ASSERTIONS = NO;
				ENABLE_STRICT_OBJC_MSGSEND = YES;
				GCC_C_LANGUAGE_STANDARD = gnu99;
				GCC_NO_COMMON_BLOCKS = YES;
				GCC_WARN_64_TO_32_BIT_CONVERSION = YES;
				GCC_WARN_ABOUT_RETURN_TYPE = YES_ERROR;
				GCC_WARN_UNDECLARED_SELECTOR = YES;
				GCC_WARN_UNINITIALIZED_AUTOS = YES_AGGRESSIVE;
				GCC_WARN_UNUSED_FUNCTION = YES;
				GCC_WARN_UNUSED_VARIABLE = YES;
				MACOSX_DEPLOYMENT_TARGET = 10.12;
				MTL_ENABLE_DEBUG_INFO = NO;
				SDKROOT = macosx;
			};
			name = Release;
		};
		DD5E8FCC1E28AD1900930C02 /* Debug */ = {
			isa = XCBuildConfiguration;
			buildSettings = {
				DEVELOPMENT_TEAM = 7C7E58NWQY;
				PRODUCT_NAME = "$(TARGET_NAME)";
			};
			name = Debug;
		};
		DD5E8FCD1E28AD1900930C02 /* Release */ = {
			isa = XCBuildConfiguration;
			buildSettings = {
				DEVELOPMENT_TEAM = 7C7E58NWQY;
				PRODUCT_NAME = "$(TARGET_NAME)";
			};
			name = Release;
		};
/* End XCBuildConfiguration section */

/* Begin XCConfigurationList section */
		DD5E8FBF1E28AD1900930C02 /* Build configuration list for PBXProject "RockPaperScissors" */ = {
			isa = XCConfigurationList;
			buildConfigurations = (
				DD5E8FC91E28AD1900930C02 /* Debug */,
				DD5E8FCA1E28AD1900930C02 /* Release */,
			);
			defaultConfigurationIsVisible = 0;
			defaultConfigurationName = Release;
		};
		DD5E8FCB1E28AD1900930C02 /* Build configuration list for PBXNativeTarget "RockPaperScissors" */ = {
			isa = XCConfigurationList;
			buildConfigurations = (
				DD5E8FCC1E28AD1900930C02 /* Debug */,
				DD5E8FCD1E28AD1900930C02 /* Release */,
			);
			defaultConfigurationIsVisible = 0;
			defaultConfigurationName = Release;
		};
/* End XCConfigurationList section */
	};
	rootObject = DD5E8FBC1E28AD1900930C02 /* Project object */;
}
